
Microsoft Visual Studio Solution File, Format Version 11.00
# Visual Studio 2010
Project("{FAE04EC0-301F-11D3-BF4B-00C04F79EFBC}") = "Projeto Tcc", "Projeto Tcc\Projeto Tcc.csproj", "{F2063356-69BF-4CC4-A21A-F219BB709261}"
EndProject
Global
	GlobalSection(SolutionConfigurationPlatforms) = preSolution
		Debug|Any CPU = Debug|Any CPU
		Debug|Mixed Platforms = Debug|Mixed Platforms
		Debug|x86 = Debug|x86
		Release|Any CPU = Release|Any CPU
		Release|Mixed Platforms = Release|Mixed Platforms
		Release|x86 = Release|x86
	EndGlobalSection
	GlobalSection(ProjectConfigurationPlatforms) = postSolution
		{F2063356-69BF-4CC4-A21A-F219BB709261}.Debug|Any CPU.ActiveCfg = Debug|x86
		{F2063356-69BF-4CC4-A21A-F219BB709261}.Debug|Mixed Platforms.ActiveCfg = Debug|x86
		{F2063356-69BF-4CC4-A21A-F219BB709261}.Debug|Mixed Platforms.Build.0 = Debug|x86
		{F2063356-69BF-4CC4-A21A-F219BB709261}.Debug|x86.ActiveCfg = Debug|x86
		{F2063356-69BF-4CC4-A21A-F219BB709261}.Debug|x86.Build.0 = Debug|x86
		{F2063356-69BF-4CC4-A21A-F219BB709261}.Release|Any CPU.ActiveCfg = Release|x86
		{F2063356-69BF-4CC4-A21A-F219BB709261}.Release|Mixed Platforms.ActiveCfg = Release|x86
		{F2063356-69BF-4CC4-A21A-F219BB709261}.Release|Mixed Platforms.Build.0 = Release|x86
		{F2063356-69BF-4CC4-A21A-F219BB709261}.Release|x86.ActiveCfg = Release|x86
		{F2063356-69BF-4CC4-A21A-F219BB709261}.Release|x86.Build.0 = Release|x86
	EndGlobalSection
	GlobalSection(SolutionProperties) = preSolution
		HideSolutionNode = FALSE
	EndGlobalSection
EndGlobal
